
Microsoft Visual Studio Solution File, Format Version 12.00
# Visual Studio Version 17
VisualStudioVersion = 17.9.34616.47
MinimumVisualStudioVersion = 10.0.40219.1
Project("{8BC9CEB8-8B4A-11D0-8D11-00A0C91BC942}") = "pointer", "pointer\pointer.vcxproj", "{9D357300-D593-4285-AE06-DA5CCA20EA00}"
EndProject
Project("{8BC9CEB8-8B4A-11D0-8D11-00A0C91BC942}") = "part 2 pointer", "part 2 pointer\part 2 pointer.vcxproj", "{BFA2BAED-8E38-4642-834F-977599512242}"
EndProject
Project("{8BC9CEB8-8B4A-11D0-8D11-00A0C91BC942}") = "part 3", "part 3\part 3.vcxproj", "{542E906C-DD5F-4629-83C1-42314FD2B6A3}"
EndProject
Project("{8BC9CEB8-8B4A-11D0-8D11-00A0C91BC942}") = "part 4", "part 4\part 4.vcxproj", "{A7F43922-DDDB-4A34-A06F-0C5315DEEC51}"
EndProject
Project("{8BC9CEB8-8B4A-11D0-8D11-00A0C91BC942}") = "part 5", "part 5\part 5.vcxproj", "{5D185794-610F-4B38-9CBF-BB8A096E4C07}"
EndProject
Global
	GlobalSection(SolutionConfigurationPlatforms) = preSolution
		Debug|x64 = Debug|x64
		Debug|x86 = Debug|x86
		Release|x64 = Release|x64
		Release|x86 = Release|x86
	EndGlobalSection
	GlobalSection(ProjectConfigurationPlatforms) = postSolution
		{9D357300-D593-4285-AE06-DA5CCA20EA00}.Debug|x64.ActiveCfg = Debug|x64
		{9D357300-D593-4285-AE06-DA5CCA20EA00}.Debug|x64.Build.0 = Debug|x64
		{9D357300-D593-4285-AE06-DA5CCA20EA00}.Debug|x86.ActiveCfg = Debug|Win32
		{9D357300-D593-4285-AE06-DA5CCA20EA00}.Debug|x86.Build.0 = Debug|Win32
		{9D357300-D593-4285-AE06-DA5CCA20EA00}.Release|x64.ActiveCfg = Release|x64
		{9D357300-D593-4285-AE06-DA5CCA20EA00}.Release|x64.Build.0 = Release|x64
		{9D357300-D593-4285-AE06-DA5CCA20EA00}.Release|x86.ActiveCfg = Release|Win32
		{9D357300-D593-4285-AE06-DA5CCA20EA00}.Release|x86.Build.0 = Release|Win32
		{BFA2BAED-8E38-4642-834F-977599512242}.Debug|x64.ActiveCfg = Debug|x64
		{BFA2BAED-8E38-4642-834F-977599512242}.Debug|x64.Build.0 = Debug|x64
		{BFA2BAED-8E38-4642-834F-977599512242}.Debug|x86.ActiveCfg = Debug|Win32
		{BFA2BAED-8E38-4642-834F-977599512242}.Debug|x86.Build.0 = Debug|Win32
		{BFA2BAED-8E38-4642-834F-977599512242}.Release|x64.ActiveCfg = Release|x64
		{BFA2BAED-8E38-4642-834F-977599512242}.Release|x64.Build.0 = Release|x64
		{BFA2BAED-8E38-4642-834F-977599512242}.Release|x86.ActiveCfg = Release|Win32
		{BFA2BAED-8E38-4642-834F-977599512242}.Release|x86.Build.0 = Release|Win32
		{542E906C-DD5F-4629-83C1-42314FD2B6A3}.Debug|x64.ActiveCfg = Debug|x64
		{542E906C-DD5F-4629-83C1-42314FD2B6A3}.Debug|x64.Build.0 = Debug|x64
		{542E906C-DD5F-4629-83C1-42314FD2B6A3}.Debug|x86.ActiveCfg = Debug|Win32
		{542E906C-DD5F-4629-83C1-42314FD2B6A3}.Debug|x86.Build.0 = Debug|Win32
		{542E906C-DD5F-4629-83C1-42314FD2B6A3}.Release|x64.ActiveCfg = Release|x64
		{542E906C-DD5F-4629-83C1-42314FD2B6A3}.Release|x64.Build.0 = Release|x64
		{542E906C-DD5F-4629-83C1-42314FD2B6A3}.Release|x86.ActiveCfg = Release|Win32
		{542E906C-DD5F-4629-83C1-42314FD2B6A3}.Release|x86.Build.0 = Release|Win32
		{A7F43922-DDDB-4A34-A06F-0C5315DEEC51}.Debug|x64.ActiveCfg = Debug|x64
		{A7F43922-DDDB-4A34-A06F-0C5315DEEC51}.Debug|x64.Build.0 = Debug|x64
		{A7F43922-DDDB-4A34-A06F-0C5315DEEC51}.Debug|x86.ActiveCfg = Debug|Win32
		{A7F43922-DDDB-4A34-A06F-0C5315DEEC51}.Debug|x86.Build.0 = Debug|Win32
		{A7F43922-DDDB-4A34-A06F-0C5315DEEC51}.Release|x64.ActiveCfg = Release|x64
		{A7F43922-DDDB-4A34-A06F-0C5315DEEC51}.Release|x64.Build.0 = Release|x64
		{A7F43922-DDDB-4A34-A06F-0C5315DEEC51}.Release|x86.ActiveCfg = Release|Win32
		{A7F43922-DDDB-4A34-A06F-0C5315DEEC51}.Release|x86.Build.0 = Release|Win32
		{5D185794-610F-4B38-9CBF-BB8A096E4C07}.Debug|x64.ActiveCfg = Debug|x64
		{5D185794-610F-4B38-9CBF-BB8A096E4C07}.Debug|x64.Build.0 = Debug|x64
		{5D185794-610F-4B38-9CBF-BB8A096E4C07}.Debug|x86.ActiveCfg = Debug|Win32
		{5D185794-610F-4B38-9CBF-BB8A096E4C07}.Debug|x86.Build.0 = Debug|Win32
		{5D185794-610F-4B38-9CBF-BB8A096E4C07}.Release|x64.ActiveCfg = Release|x64
		{5D185794-610F-4B38-9CBF-BB8A096E4C07}.Release|x64.Build.0 = Release|x64
		{5D185794-610F-4B38-9CBF-BB8A096E4C07}.Release|x86.ActiveCfg = Release|Win32
		{5D185794-610F-4B38-9CBF-BB8A096E4C07}.Release|x86.Build.0 = Release|Win32
	EndGlobalSection
	GlobalSection(SolutionProperties) = preSolution
		HideSolutionNode = FALSE
	EndGlobalSection
	GlobalSection(ExtensibilityGlobals) = postSolution
		SolutionGuid = {404556A2-291A-4100-AF98-CFAA48283775}
	EndGlobalSection
EndGlobal
